
Microsoft Visual Studio Solution File, Format Version 12.00
# Visual Studio Version 17
VisualStudioVersion = 17.11.35222.181
MinimumVisualStudioVersion = 10.0.40219.1
Project("{FAE04EC0-301F-11D3-BF4B-00C04F79EFBC}") = "FirstDatabase", "FirstDatabase\FirstDatabase.csproj", "{1B3E5C14-A664-4D7E-AB5E-C0FFBFBCB5B7}"
EndProject
Global
	GlobalSection(SolutionConfigurationPlatforms) = preSolution
		Debug|Any CPU = Debug|Any CPU
		Release|Any CPU = Release|Any CPU
	EndGlobalSection
	GlobalSection(ProjectConfigurationPlatforms) = postSolution
		{1B3E5C14-A664-4D7E-AB5E-C0FFBFBCB5B7}.Debug|Any CPU.ActiveCfg = Debug|Any CPU
		{1B3E5C14-A664-4D7E-AB5E-C0FFBFBCB5B7}.Debug|Any CPU.Build.0 = Debug|Any CPU
		{1B3E5C14-A664-4D7E-AB5E-C0FFBFBCB5B7}.Release|Any CPU.ActiveCfg = Release|Any CPU
		{1B3E5C14-A664-4D7E-AB5E-C0FFBFBCB5B7}.Release|Any CPU.Build.0 = Release|Any CPU
	EndGlobalSection
	GlobalSection(SolutionProperties) = preSolution
		HideSolutionNode = FALSE
	EndGlobalSection
	GlobalSection(ExtensibilityGlobals) = postSolution
		SolutionGuid = {A10C7C3F-DC8B-4279-BD85-616FC23B4606}
	EndGlobalSection
EndGlobal
